
Microsoft Visual Studio Solution File, Format Version 12.00
# Visual Studio Version 17
VisualStudioVersion = 17.5.33530.505
MinimumVisualStudioVersion = 10.0.40219.1
Project("{9A19103F-16F7-4668-BE54-9A1E7A4F7556}") = "ImportBackend.Contracts", "ImportBackend.Contracts\ImportBackend.Contracts.csproj", "{70B04720-C397-46BD-A0FB-71FA04CF40AF}"
EndProject
Project("{9A19103F-16F7-4668-BE54-9A1E7A4F7556}") = "ImportBackend", "ImportBackend\ImportBackend.csproj", "{FF7ACE7C-53BD-4C12-968A-6D76CDC78FC8}"
EndProject
Global
	GlobalSection(SolutionConfigurationPlatforms) = preSolution
		Debug|Any CPU = Debug|Any CPU
		Release|Any CPU = Release|Any CPU
	EndGlobalSection
	GlobalSection(ProjectConfigurationPlatforms) = postSolution
		{70B04720-C397-46BD-A0FB-71FA04CF40AF}.Debug|Any CPU.ActiveCfg = Debug|Any CPU
		{70B04720-C397-46BD-A0FB-71FA04CF40AF}.Debug|Any CPU.Build.0 = Debug|Any CPU
		{70B04720-C397-46BD-A0FB-71FA04CF40AF}.Release|Any CPU.ActiveCfg = Release|Any CPU
		{70B04720-C397-46BD-A0FB-71FA04CF40AF}.Release|Any CPU.Build.0 = Release|Any CPU
		{FF7ACE7C-53BD-4C12-968A-6D76CDC78FC8}.Debug|Any CPU.ActiveCfg = Debug|Any CPU
		{FF7ACE7C-53BD-4C12-968A-6D76CDC78FC8}.Debug|Any CPU.Build.0 = Debug|Any CPU
		{FF7ACE7C-53BD-4C12-968A-6D76CDC78FC8}.Release|Any CPU.ActiveCfg = Release|Any CPU
		{FF7ACE7C-53BD-4C12-968A-6D76CDC78FC8}.Release|Any CPU.Build.0 = Release|Any CPU
	EndGlobalSection
	GlobalSection(SolutionProperties) = preSolution
		HideSolutionNode = FALSE
	EndGlobalSection
	GlobalSection(ExtensibilityGlobals) = postSolution
		SolutionGuid = {02696C2C-7C0A-42AB-AE01-1F6A5A68EF76}
	EndGlobalSection
EndGlobal
